// !$*UTF8*$!
{
	archiveVersion = 1;
	classes = {
	};
	objectVersion = 52;
	objects = {

/* Begin PBXBuildFile section */
		ED076FD52560123800F76F9C /* BowRx in Frameworks */ = {isa = PBXBuildFile; productRef = ED076FD42560123800F76F9C /* BowRx */; };
		ED076FD72560123800F76F9C /* BowEffectsGenerators in Frameworks */ = {isa = PBXBuildFile; productRef = ED076FD62560123800F76F9C /* BowEffectsGenerators */; };
		ED076FD92560123800F76F9C /* BowRecursionSchemes in Frameworks */ = {isa = PBXBuildFile; productRef = ED076FD82560123800F76F9C /* BowRecursionSchemes */; };
		ED076FDB2560123800F76F9C /* BowEffects in Frameworks */ = {isa = PBXBuildFile; productRef = ED076FDA2560123800F76F9C /* BowEffects */; };
		ED076FDD2560123800F76F9C /* BowRxGenerators in Frameworks */ = {isa = PBXBuildFile; productRef = ED076FDC2560123800F76F9C /* BowRxGenerators */; };
		ED076FDF2560123800F76F9C /* BowLaws in Frameworks */ = {isa = PBXBuildFile; productRef = ED076FDE2560123800F76F9C /* BowLaws */; };
		ED076FE12560123800F76F9C /* BowGenerators in Frameworks */ = {isa = PBXBuildFile; productRef = ED076FE02560123800F76F9C /* BowGenerators */; };
		ED076FE32560123800F76F9C /* BowFreeGenerators in Frameworks */ = {isa = PBXBuildFile; productRef = ED076FE22560123800F76F9C /* BowFreeGenerators */; };
		ED076FE52560123800F76F9C /* BowOpticsLaws in Frameworks */ = {isa = PBXBuildFile; productRef = ED076FE42560123800F76F9C /* BowOpticsLaws */; };
		ED076FE72560123800F76F9C /* Bow in Frameworks */ = {isa = PBXBuildFile; productRef = ED076FE62560123800F76F9C /* Bow */; };
		ED076FE92560123800F76F9C /* BowOptics in Frameworks */ = {isa = PBXBuildFile; productRef = ED076FE82560123800F76F9C /* BowOptics */; };
		ED076FEB2560123800F76F9C /* BowFree in Frameworks */ = {isa = PBXBuildFile; productRef = ED076FEA2560123800F76F9C /* BowFree */; };
		ED076FED2560123800F76F9C /* BowEffectsLaws in Frameworks */ = {isa = PBXBuildFile; productRef = ED076FEC2560123800F76F9C /* BowEffectsLaws */; };
		ED09A34825024C4B00A9FFB6 /* main.swift in Sources */ = {isa = PBXBuildFile; fileRef = ED09A34725024C4B00A9FFB6 /* main.swift */; };
		ED09A353250293C000A9FFB6 /* main.swift in Sources */ = {isa = PBXBuildFile; fileRef = ED09A352250293C000A9FFB6 /* main.swift */; };
		ED09A35E250295CD00A9FFB6 /* tests.swift in Sources */ = {isa = PBXBuildFile; fileRef = ED09A35D250295CD00A9FFB6 /* tests.swift */; };
		ED09A3642502968100A9FFB6 /* main.swift in Sources */ = {isa = PBXBuildFile; fileRef = ED09A352250293C000A9FFB6 /* main.swift */; };
		ED09A36C25060E2000A9FFB6 /* main.swift in Sources */ = {isa = PBXBuildFile; fileRef = ED09A36B25060E2000A9FFB6 /* main.swift */; };
		ED09A3782506195900A9FFB6 /* matrix_rotation_tests.swift in Sources */ = {isa = PBXBuildFile; fileRef = ED09A3772506195900A9FFB6 /* matrix_rotation_tests.swift */; };
		ED09A37D2506195D00A9FFB6 /* main.swift in Sources */ = {isa = PBXBuildFile; fileRef = ED09A36B25060E2000A9FFB6 /* main.swift */; };
/* End PBXBuildFile section */

/* Begin PBXCopyFilesBuildPhase section */
		ED09A34325024C4B00A9FFB6 /* CopyFiles */ = {
			isa = PBXCopyFilesBuildPhase;
			buildActionMask = 2147483647;
			dstPath = /usr/share/man/man1/;
			dstSubfolderSpec = 0;
			files = (
			);
			runOnlyForDeploymentPostprocessing = 1;
		};
		ED09A34E250293C000A9FFB6 /* CopyFiles */ = {
			isa = PBXCopyFilesBuildPhase;
			buildActionMask = 2147483647;
			dstPath = /usr/share/man/man1/;
			dstSubfolderSpec = 0;
			files = (
			);
			runOnlyForDeploymentPostprocessing = 1;
		};
		ED09A36725060E2000A9FFB6 /* CopyFiles */ = {
			isa = PBXCopyFilesBuildPhase;
			buildActionMask = 2147483647;
			dstPath = /usr/share/man/man1/;
			dstSubfolderSpec = 0;
			files = (
			);
			runOnlyForDeploymentPostprocessing = 1;
		};
/* End PBXCopyFilesBuildPhase section */

/* Begin PBXFileReference section */
		ED09A34525024C4B00A9FFB6 /* magic-square */ = {isa = PBXFileReference; explicitFileType = "compiled.mach-o.executable"; includeInIndex = 0; path = "magic-square"; sourceTree = BUILT_PRODUCTS_DIR; };
		ED09A34725024C4B00A9FFB6 /* main.swift */ = {isa = PBXFileReference; lastKnownFileType = sourcecode.swift; path = main.swift; sourceTree = "<group>"; };
		ED09A350250293C000A9FFB6 /* climbing-the-leaderboard */ = {isa = PBXFileReference; explicitFileType = "compiled.mach-o.executable"; includeInIndex = 0; path = "climbing-the-leaderboard"; sourceTree = BUILT_PRODUCTS_DIR; };
		ED09A352250293C000A9FFB6 /* main.swift */ = {isa = PBXFileReference; lastKnownFileType = sourcecode.swift; path = main.swift; sourceTree = "<group>"; };
		ED09A35B250295CD00A9FFB6 /* tests.xctest */ = {isa = PBXFileReference; explicitFileType = wrapper.cfbundle; includeInIndex = 0; path = tests.xctest; sourceTree = BUILT_PRODUCTS_DIR; };
		ED09A35D250295CD00A9FFB6 /* tests.swift */ = {isa = PBXFileReference; lastKnownFileType = sourcecode.swift; path = tests.swift; sourceTree = "<group>"; };
		ED09A35F250295CD00A9FFB6 /* Info.plist */ = {isa = PBXFileReference; lastKnownFileType = text.plist.xml; path = Info.plist; sourceTree = "<group>"; };
		ED09A36925060E2000A9FFB6 /* matrix-rotation */ = {isa = PBXFileReference; explicitFileType = "compiled.mach-o.executable"; includeInIndex = 0; path = "matrix-rotation"; sourceTree = BUILT_PRODUCTS_DIR; };
		ED09A36B25060E2000A9FFB6 /* main.swift */ = {isa = PBXFileReference; lastKnownFileType = sourcecode.swift; path = main.swift; sourceTree = "<group>"; };
		ED09A3752506195900A9FFB6 /* matrix-rotation-tests.xctest */ = {isa = PBXFileReference; explicitFileType = wrapper.cfbundle; includeInIndex = 0; path = "matrix-rotation-tests.xctest"; sourceTree = BUILT_PRODUCTS_DIR; };
		ED09A3772506195900A9FFB6 /* matrix_rotation_tests.swift */ = {isa = PBXFileReference; lastKnownFileType = sourcecode.swift; path = matrix_rotation_tests.swift; sourceTree = "<group>"; };
		ED09A3792506195900A9FFB6 /* Info.plist */ = {isa = PBXFileReference; lastKnownFileType = text.plist.xml; path = Info.plist; sourceTree = "<group>"; };
/* End PBXFileReference section */

/* Begin PBXFrameworksBuildPhase section */
		ED09A34225024C4B00A9FFB6 /* Frameworks */ = {
			isa = PBXFrameworksBuildPhase;
			buildActionMask = 2147483647;
			files = (
				ED076FE12560123800F76F9C /* BowGenerators in Frameworks */,
				ED076FE72560123800F76F9C /* Bow in Frameworks */,
				ED076FDF2560123800F76F9C /* BowLaws in Frameworks */,
				ED076FD92560123800F76F9C /* BowRecursionSchemes in Frameworks */,
				ED076FD72560123800F76F9C /* BowEffectsGenerators in Frameworks */,
				ED076FE92560123800F76F9C /* BowOptics in Frameworks */,
				ED076FDB2560123800F76F9C /* BowEffects in Frameworks */,
				ED076FE32560123800F76F9C /* BowFreeGenerators in Frameworks */,
				ED076FED2560123800F76F9C /* BowEffectsLaws in Frameworks */,
				ED076FDD2560123800F76F9C /* BowRxGenerators in Frameworks */,
				ED076FEB2560123800F76F9C /* BowFree in Frameworks */,
				ED076FD52560123800F76F9C /* BowRx in Frameworks */,
				ED076FE52560123800F76F9C /* BowOpticsLaws in Frameworks */,
			);
			runOnlyForDeploymentPostprocessing = 0;
		};
		ED09A34D250293C000A9FFB6 /* Frameworks */ = {
			isa = PBXFrameworksBuildPhase;
			buildActionMask = 2147483647;
			files = (
			);
			runOnlyForDeploymentPostprocessing = 0;
		};
		ED09A358250295CD00A9FFB6 /* Frameworks */ = {
			isa = PBXFrameworksBuildPhase;
			buildActionMask = 2147483647;
			files = (
			);
			runOnlyForDeploymentPostprocessing = 0;
		};
		ED09A36625060E2000A9FFB6 /* Frameworks */ = {
			isa = PBXFrameworksBuildPhase;
			buildActionMask = 2147483647;
			files = (
			);
			runOnlyForDeploymentPostprocessing = 0;
		};
		ED09A3722506195900A9FFB6 /* Frameworks */ = {
			isa = PBXFrameworksBuildPhase;
			buildActionMask = 2147483647;
			files = (
			);
			runOnlyForDeploymentPostprocessing = 0;
		};
/* End PBXFrameworksBuildPhase section */

/* Begin PBXGroup section */
		ED09A32125024B1A00A9FFB6 = {
			isa = PBXGroup;
			children = (
				ED09A34625024C4B00A9FFB6 /* magic-square */,
				ED09A351250293C000A9FFB6 /* climbing-the-leaderboard */,
				ED09A35C250295CD00A9FFB6 /* tests */,
				ED09A36A25060E2000A9FFB6 /* matrix-rotation */,
				ED09A3762506195900A9FFB6 /* matrix-rotation-tests */,
				ED09A32B25024B1A00A9FFB6 /* Products */,
			);
			sourceTree = "<group>";
		};
		ED09A32B25024B1A00A9FFB6 /* Products */ = {
			isa = PBXGroup;
			children = (
				ED09A34525024C4B00A9FFB6 /* magic-square */,
				ED09A350250293C000A9FFB6 /* climbing-the-leaderboard */,
				ED09A35B250295CD00A9FFB6 /* tests.xctest */,
				ED09A36925060E2000A9FFB6 /* matrix-rotation */,
				ED09A3752506195900A9FFB6 /* matrix-rotation-tests.xctest */,
			);
			name = Products;
			sourceTree = "<group>";
		};
		ED09A34625024C4B00A9FFB6 /* magic-square */ = {
			isa = PBXGroup;
			children = (
				ED09A34725024C4B00A9FFB6 /* main.swift */,
			);
			path = "magic-square";
			sourceTree = "<group>";
		};
		ED09A351250293C000A9FFB6 /* climbing-the-leaderboard */ = {
			isa = PBXGroup;
			children = (
				ED09A352250293C000A9FFB6 /* main.swift */,
			);
			path = "climbing-the-leaderboard";
			sourceTree = "<group>";
		};
		ED09A35C250295CD00A9FFB6 /* tests */ = {
			isa = PBXGroup;
			children = (
				ED09A35D250295CD00A9FFB6 /* tests.swift */,
				ED09A35F250295CD00A9FFB6 /* Info.plist */,
			);
			path = tests;
			sourceTree = "<group>";
		};
		ED09A36A25060E2000A9FFB6 /* matrix-rotation */ = {
			isa = PBXGroup;
			children = (
				ED09A36B25060E2000A9FFB6 /* main.swift */,
			);
			path = "matrix-rotation";
			sourceTree = "<group>";
		};
		ED09A3762506195900A9FFB6 /* matrix-rotation-tests */ = {
			isa = PBXGroup;
			children = (
				ED09A3772506195900A9FFB6 /* matrix_rotation_tests.swift */,
				ED09A3792506195900A9FFB6 /* Info.plist */,
			);
			path = "matrix-rotation-tests";
			sourceTree = "<group>";
		};
/* End PBXGroup section */

/* Begin PBXNativeTarget section */
		ED09A34425024C4B00A9FFB6 /* magic-square */ = {
			isa = PBXNativeTarget;
			buildConfigurationList = ED09A34925024C4B00A9FFB6 /* Build configuration list for PBXNativeTarget "magic-square" */;
			buildPhases = (
				ED09A34125024C4B00A9FFB6 /* Sources */,
				ED09A34225024C4B00A9FFB6 /* Frameworks */,
				ED09A34325024C4B00A9FFB6 /* CopyFiles */,
			);
			buildRules = (
			);
			dependencies = (
				ED076FEF2562625D00F76F9C /* PBXTargetDependency */,
			);
			name = "magic-square";
			packageProductDependencies = (
				ED076FD42560123800F76F9C /* BowRx */,
				ED076FD62560123800F76F9C /* BowEffectsGenerators */,
				ED076FD82560123800F76F9C /* BowRecursionSchemes */,
				ED076FDA2560123800F76F9C /* BowEffects */,
				ED076FDC2560123800F76F9C /* BowRxGenerators */,
				ED076FDE2560123800F76F9C /* BowLaws */,
				ED076FE02560123800F76F9C /* BowGenerators */,
				ED076FE22560123800F76F9C /* BowFreeGenerators */,
				ED076FE42560123800F76F9C /* BowOpticsLaws */,
				ED076FE62560123800F76F9C /* Bow */,
				ED076FE82560123800F76F9C /* BowOptics */,
				ED076FEA2560123800F76F9C /* BowFree */,
				ED076FEC2560123800F76F9C /* BowEffectsLaws */,
			);
			productName = "magic-square";
			productReference = ED09A34525024C4B00A9FFB6 /* magic-square */;
			productType = "com.apple.product-type.tool";
		};
		ED09A34F250293C000A9FFB6 /* climbing-the-leaderboard */ = {
			isa = PBXNativeTarget;
			buildConfigurationList = ED09A356250293C000A9FFB6 /* Build configuration list for PBXNativeTarget "climbing-the-leaderboard" */;
			buildPhases = (
				ED09A34C250293C000A9FFB6 /* Sources */,
				ED09A34D250293C000A9FFB6 /* Frameworks */,
				ED09A34E250293C000A9FFB6 /* CopyFiles */,
			);
			buildRules = (
			);
			dependencies = (
			);
			name = "climbing-the-leaderboard";
			productName = "climbing-the-leaderboard";
			productReference = ED09A350250293C000A9FFB6 /* climbing-the-leaderboard */;
			productType = "com.apple.product-type.tool";
		};
		ED09A35A250295CD00A9FFB6 /* tests */ = {
			isa = PBXNativeTarget;
			buildConfigurationList = ED09A360250295CD00A9FFB6 /* Build configuration list for PBXNativeTarget "tests" */;
			buildPhases = (
				ED09A357250295CD00A9FFB6 /* Sources */,
				ED09A358250295CD00A9FFB6 /* Frameworks */,
				ED09A359250295CD00A9FFB6 /* Resources */,
			);
			buildRules = (
			);
			dependencies = (
			);
			name = tests;
			productName = tests;
			productReference = ED09A35B250295CD00A9FFB6 /* tests.xctest */;
			productType = "com.apple.product-type.bundle.unit-test";
		};
		ED09A36825060E2000A9FFB6 /* matrix-rotation */ = {
			isa = PBXNativeTarget;
			buildConfigurationList = ED09A36D25060E2000A9FFB6 /* Build configuration list for PBXNativeTarget "matrix-rotation" */;
			buildPhases = (
				ED09A36525060E2000A9FFB6 /* Sources */,
				ED09A36625060E2000A9FFB6 /* Frameworks */,
				ED09A36725060E2000A9FFB6 /* CopyFiles */,
			);
			buildRules = (
			);
			dependencies = (
			);
			name = "matrix-rotation";
			productName = "matrix-rotation";
			productReference = ED09A36925060E2000A9FFB6 /* matrix-rotation */;
			productType = "com.apple.product-type.tool";
		};
		ED09A3742506195900A9FFB6 /* matrix-rotation-tests */ = {
			isa = PBXNativeTarget;
			buildConfigurationList = ED09A37A2506195900A9FFB6 /* Build configuration list for PBXNativeTarget "matrix-rotation-tests" */;
			buildPhases = (
				ED09A3712506195900A9FFB6 /* Sources */,
				ED09A3722506195900A9FFB6 /* Frameworks */,
				ED09A3732506195900A9FFB6 /* Resources */,
			);
			buildRules = (
			);
			dependencies = (
			);
			name = "matrix-rotation-tests";
			productName = "matrix-rotation-tests";
			productReference = ED09A3752506195900A9FFB6 /* matrix-rotation-tests.xctest */;
			productType = "com.apple.product-type.bundle.unit-test";
		};
/* End PBXNativeTarget section */

/* Begin PBXProject section */
		ED09A32225024B1A00A9FFB6 /* Project object */ = {
			isa = PBXProject;
			attributes = {
				LastSwiftUpdateCheck = 1170;
				LastUpgradeCheck = 1170;
				ORGANIZATIONNAME = "Kamil Badyla";
				TargetAttributes = {
					ED09A34425024C4B00A9FFB6 = {
						CreatedOnToolsVersion = 11.7;
					};
					ED09A34F250293C000A9FFB6 = {
						CreatedOnToolsVersion = 11.7;
					};
					ED09A35A250295CD00A9FFB6 = {
						CreatedOnToolsVersion = 11.7;
					};
					ED09A36825060E2000A9FFB6 = {
						CreatedOnToolsVersion = 11.7;
					};
					ED09A3742506195900A9FFB6 = {
						CreatedOnToolsVersion = 11.7;
					};
				};
			};
			buildConfigurationList = ED09A32525024B1A00A9FFB6 /* Build configuration list for PBXProject "hacker-rank" */;
			compatibilityVersion = "Xcode 9.3";
			developmentRegion = en;
			hasScannedForEncodings = 0;
			knownRegions = (
				en,
				Base,
			);
			mainGroup = ED09A32125024B1A00A9FFB6;
			packageReferences = (
				ED076FD32560123800F76F9C /* XCRemoteSwiftPackageReference "bow" */,
			);
			productRefGroup = ED09A32B25024B1A00A9FFB6 /* Products */;
			projectDirPath = "";
			projectRoot = "";
			targets = (
				ED09A34425024C4B00A9FFB6 /* magic-square */,
				ED09A34F250293C000A9FFB6 /* climbing-the-leaderboard */,
				ED09A35A250295CD00A9FFB6 /* tests */,
				ED09A36825060E2000A9FFB6 /* matrix-rotation */,
				ED09A3742506195900A9FFB6 /* matrix-rotation-tests */,
			);
		};
/* End PBXProject section */

/* Begin PBXResourcesBuildPhase section */
		ED09A359250295CD00A9FFB6 /* Resources */ = {
			isa = PBXResourcesBuildPhase;
			buildActionMask = 2147483647;
			files = (
			);
			runOnlyForDeploymentPostprocessing = 0;
		};
		ED09A3732506195900A9FFB6 /* Resources */ = {
			isa = PBXResourcesBuildPhase;
			buildActionMask = 2147483647;
			files = (
			);
			runOnlyForDeploymentPostprocessing = 0;
		};
/* End PBXResourcesBuildPhase section */

/* Begin PBXSourcesBuildPhase section */
		ED09A34125024C4B00A9FFB6 /* Sources */ = {
			isa = PBXSourcesBuildPhase;
			buildActionMask = 2147483647;
			files = (
				ED09A34825024C4B00A9FFB6 /* main.swift in Sources */,
			);
			runOnlyForDeploymentPostprocessing = 0;
		};
		ED09A34C250293C000A9FFB6 /* Sources */ = {
			isa = PBXSourcesBuildPhase;
			buildActionMask = 2147483647;
			files = (
				ED09A353250293C000A9FFB6 /* main.swift in Sources */,
			);
			runOnlyForDeploymentPostprocessing = 0;
		};
		ED09A357250295CD00A9FFB6 /* Sources */ = {
			isa = PBXSourcesBuildPhase;
			buildActionMask = 2147483647;
			files = (
				ED09A3642502968100A9FFB6 /* main.swift in Sources */,
				ED09A35E250295CD00A9FFB6 /* tests.swift in Sources */,
			);
			runOnlyForDeploymentPostprocessing = 0;
		};
		ED09A36525060E2000A9FFB6 /* Sources */ = {
			isa = PBXSourcesBuildPhase;
			buildActionMask = 2147483647;
			files = (
				ED09A36C25060E2000A9FFB6 /* main.swift in Sources */,
			);
			runOnlyForDeploymentPostprocessing = 0;
		};
		ED09A3712506195900A9FFB6 /* Sources */ = {
			isa = PBXSourcesBuildPhase;
			buildActionMask = 2147483647;
			files = (
				ED09A37D2506195D00A9FFB6 /* main.swift in Sources */,
				ED09A3782506195900A9FFB6 /* matrix_rotation_tests.swift in Sources */,
			);
			runOnlyForDeploymentPostprocessing = 0;
		};
/* End PBXSourcesBuildPhase section */

/* Begin PBXTargetDependency section */
		ED076FEF2562625D00F76F9C /* PBXTargetDependency */ = {
			isa = PBXTargetDependency;
			productRef = ED076FEE2562625D00F76F9C /* Bow */;
		};
/* End PBXTargetDependency section */

/* Begin XCBuildConfiguration section */
		ED09A32F25024B1A00A9FFB6 /* Debug */ = {
			isa = XCBuildConfiguration;
			buildSettings = {
				ALWAYS_SEARCH_USER_PATHS = NO;
				CLANG_ANALYZER_NONNULL = YES;
				CLANG_ANALYZER_NUMBER_OBJECT_CONVERSION = YES_AGGRESSIVE;
				CLANG_CXX_LANGUAGE_STANDARD = "gnu++14";
				CLANG_CXX_LIBRARY = "libc++";
				CLANG_ENABLE_MODULES = YES;
				CLANG_ENABLE_OBJC_ARC = YES;
				CLANG_ENABLE_OBJC_WEAK = YES;
				CLANG_WARN_BLOCK_CAPTURE_AUTORELEASING = YES;
				CLANG_WARN_BOOL_CONVERSION = YES;
				CLANG_WARN_COMMA = YES;
				CLANG_WARN_CONSTANT_CONVERSION = YES;
				CLANG_WARN_DEPRECATED_OBJC_IMPLEMENTATIONS = YES;
				CLANG_WARN_DIRECT_OBJC_ISA_USAGE = YES_ERROR;
				CLANG_WARN_DOCUMENTATION_COMMENTS = YES;
				CLANG_WARN_EMPTY_BODY = YES;
				CLANG_WARN_ENUM_CONVERSION = YES;
				CLANG_WARN_INFINITE_RECURSION = YES;
				CLANG_WARN_INT_CONVERSION = YES;
				CLANG_WARN_NON_LITERAL_NULL_CONVERSION = YES;
				CLANG_WARN_OBJC_IMPLICIT_RETAIN_SELF = YES;
				CLANG_WARN_OBJC_LITERAL_CONVERSION = YES;
				CLANG_WARN_OBJC_ROOT_CLASS = YES_ERROR;
				CLANG_WARN_RANGE_LOOP_ANALYSIS = YES;
				CLANG_WARN_STRICT_PROTOTYPES = YES;
				CLANG_WARN_SUSPICIOUS_MOVE = YES;
				CLANG_WARN_UNGUARDED_AVAILABILITY = YES_AGGRESSIVE;
				CLANG_WARN_UNREACHABLE_CODE = YES;
				CLANG_WARN__DUPLICATE_METHOD_MATCH = YES;
				COPY_PHASE_STRIP = NO;
				DEBUG_INFORMATION_FORMAT = dwarf;
				ENABLE_STRICT_OBJC_MSGSEND = YES;
				ENABLE_TESTABILITY = YES;
				GCC_C_LANGUAGE_STANDARD = gnu11;
				GCC_DYNAMIC_NO_PIC = NO;
				GCC_NO_COMMON_BLOCKS = YES;
				GCC_OPTIMIZATION_LEVEL = 0;
				GCC_PREPROCESSOR_DEFINITIONS = (
					"DEBUG=1",
					"$(inherited)",
				);
				GCC_WARN_64_TO_32_BIT_CONVERSION = YES;
				GCC_WARN_ABOUT_RETURN_TYPE = YES_ERROR;
				GCC_WARN_UNDECLARED_SELECTOR = YES;
				GCC_WARN_UNINITIALIZED_AUTOS = YES_AGGRESSIVE;
				GCC_WARN_UNUSED_FUNCTION = YES;
				GCC_WARN_UNUSED_VARIABLE = YES;
				MACOSX_DEPLOYMENT_TARGET = 10.15;
				MTL_ENABLE_DEBUG_INFO = INCLUDE_SOURCE;
				MTL_FAST_MATH = YES;
				ONLY_ACTIVE_ARCH = YES;
				SDKROOT = macosx;
				SWIFT_ACTIVE_COMPILATION_CONDITIONS = DEBUG;
				SWIFT_OPTIMIZATION_LEVEL = "-Onone";
			};
			name = Debug;
		};
		ED09A33025024B1A00A9FFB6 /* Release */ = {
			isa = XCBuildConfiguration;
			buildSettings = {
				ALWAYS_SEARCH_USER_PATHS = NO;
				CLANG_ANALYZER_NONNULL = YES;
				CLANG_ANALYZER_NUMBER_OBJECT_CONVERSION = YES_AGGRESSIVE;
				CLANG_CXX_LANGUAGE_STANDARD = "gnu++14";
				CLANG_CXX_LIBRARY = "libc++";
				CLANG_ENABLE_MODULES = YES;
				CLANG_ENABLE_OBJC_ARC = YES;
				CLANG_ENABLE_OBJC_WEAK = YES;
				CLANG_WARN_BLOCK_CAPTURE_AUTORELEASING = YES;
				CLANG_WARN_BOOL_CONVERSION = YES;
				CLANG_WARN_COMMA = YES;
				CLANG_WARN_CONSTANT_CONVERSION = YES;
				CLANG_WARN_DEPRECATED_OBJC_IMPLEMENTATIONS = YES;
				CLANG_WARN_DIRECT_OBJC_ISA_USAGE = YES_ERROR;
				CLANG_WARN_DOCUMENTATION_COMMENTS = YES;
				CLANG_WARN_EMPTY_BODY = YES;
				CLANG_WARN_ENUM_CONVERSION = YES;
				CLANG_WARN_INFINITE_RECURSION = YES;
				CLANG_WARN_INT_CONVERSION = YES;
				CLANG_WARN_NON_LITERAL_NULL_CONVERSION = YES;
				CLANG_WARN_OBJC_IMPLICIT_RETAIN_SELF = YES;
				CLANG_WARN_OBJC_LITERAL_CONVERSION = YES;
				CLANG_WARN_OBJC_ROOT_CLASS = YES_ERROR;
				CLANG_WARN_RANGE_LOOP_ANALYSIS = YES;
				CLANG_WARN_STRICT_PROTOTYPES = YES;
				CLANG_WARN_SUSPICIOUS_MOVE = YES;
				CLANG_WARN_UNGUARDED_AVAILABILITY = YES_AGGRESSIVE;
				CLANG_WARN_UNREACHABLE_CODE = YES;
				CLANG_WARN__DUPLICATE_METHOD_MATCH = YES;
				COPY_PHASE_STRIP = NO;
				DEBUG_INFORMATION_FORMAT = "dwarf-with-dsym";
				ENABLE_NS_ASSERTIONS = NO;
				ENABLE_STRICT_OBJC_MSGSEND = YES;
				GCC_C_LANGUAGE_STANDARD = gnu11;
				GCC_NO_COMMON_BLOCKS = YES;
				GCC_WARN_64_TO_32_BIT_CONVERSION = YES;
				GCC_WARN_ABOUT_RETURN_TYPE = YES_ERROR;
				GCC_WARN_UNDECLARED_SELECTOR = YES;
				GCC_WARN_UNINITIALIZED_AUTOS = YES_AGGRESSIVE;
				GCC_WARN_UNUSED_FUNCTION = YES;
				GCC_WARN_UNUSED_VARIABLE = YES;
				MACOSX_DEPLOYMENT_TARGET = 10.15;
				MTL_ENABLE_DEBUG_INFO = NO;
				MTL_FAST_MATH = YES;
				SDKROOT = macosx;
				SWIFT_COMPILATION_MODE = wholemodule;
				SWIFT_OPTIMIZATION_LEVEL = "-O";
			};
			name = Release;
		};
		ED09A34A25024C4B00A9FFB6 /* Debug */ = {
			isa = XCBuildConfiguration;
			buildSettings = {
				CODE_SIGN_STYLE = Automatic;
				DEVELOPMENT_TEAM = 3MBPQ4GQLA;
				ENABLE_HARDENED_RUNTIME = YES;
				PRODUCT_NAME = "$(TARGET_NAME)";
				SWIFT_VERSION = 5.0;
			};
			name = Debug;
		};
		ED09A34B25024C4B00A9FFB6 /* Release */ = {
			isa = XCBuildConfiguration;
			buildSettings = {
				CODE_SIGN_STYLE = Automatic;
				DEVELOPMENT_TEAM = 3MBPQ4GQLA;
				ENABLE_HARDENED_RUNTIME = YES;
				PRODUCT_NAME = "$(TARGET_NAME)";
				SWIFT_VERSION = 5.0;
			};
			name = Release;
		};
		ED09A354250293C000A9FFB6 /* Debug */ = {
			isa = XCBuildConfiguration;
			buildSettings = {
				CODE_SIGN_STYLE = Automatic;
				DEVELOPMENT_TEAM = 3MBPQ4GQLA;
				ENABLE_HARDENED_RUNTIME = YES;
				PRODUCT_NAME = "$(TARGET_NAME)";
				SWIFT_VERSION = 5.0;
			};
			name = Debug;
		};
		ED09A355250293C000A9FFB6 /* Release */ = {
			isa = XCBuildConfiguration;
			buildSettings = {
				CODE_SIGN_STYLE = Automatic;
				DEVELOPMENT_TEAM = 3MBPQ4GQLA;
				ENABLE_HARDENED_RUNTIME = YES;
				PRODUCT_NAME = "$(TARGET_NAME)";
				SWIFT_VERSION = 5.0;
			};
			name = Release;
		};
		ED09A361250295CD00A9FFB6 /* Debug */ = {
			isa = XCBuildConfiguration;
			buildSettings = {
				CODE_SIGN_STYLE = Automatic;
				COMBINE_HIDPI_IMAGES = YES;
				DEVELOPMENT_TEAM = 3MBPQ4GQLA;
				INFOPLIST_FILE = tests/Info.plist;
				LD_RUNPATH_SEARCH_PATHS = (
					"$(inherited)",
					"@executable_path/../Frameworks",
					"@loader_path/../Frameworks",
				);
				PRODUCT_BUNDLE_IDENTIFIER = it.sciencespir.tests;
				PRODUCT_NAME = "$(TARGET_NAME)";
				SWIFT_VERSION = 5.0;
			};
			name = Debug;
		};
		ED09A362250295CD00A9FFB6 /* Release */ = {
			isa = XCBuildConfiguration;
			buildSettings = {
				CODE_SIGN_STYLE = Automatic;
				COMBINE_HIDPI_IMAGES = YES;
				DEVELOPMENT_TEAM = 3MBPQ4GQLA;
				INFOPLIST_FILE = tests/Info.plist;
				LD_RUNPATH_SEARCH_PATHS = (
					"$(inherited)",
					"@executable_path/../Frameworks",
					"@loader_path/../Frameworks",
				);
				PRODUCT_BUNDLE_IDENTIFIER = it.sciencespir.tests;
				PRODUCT_NAME = "$(TARGET_NAME)";
				SWIFT_VERSION = 5.0;
			};
			name = Release;
		};
		ED09A36E25060E2000A9FFB6 /* Debug */ = {
			isa = XCBuildConfiguration;
			buildSettings = {
				CODE_SIGN_STYLE = Automatic;
				DEVELOPMENT_TEAM = 3MBPQ4GQLA;
				ENABLE_HARDENED_RUNTIME = YES;
				PRODUCT_NAME = "$(TARGET_NAME)";
				SWIFT_VERSION = 5.0;
			};
			name = Debug;
		};
		ED09A36F25060E2000A9FFB6 /* Release */ = {
			isa = XCBuildConfiguration;
			buildSettings = {
				CODE_SIGN_STYLE = Automatic;
				DEVELOPMENT_TEAM = 3MBPQ4GQLA;
				ENABLE_HARDENED_RUNTIME = YES;
				PRODUCT_NAME = "$(TARGET_NAME)";
				SWIFT_VERSION = 5.0;
			};
			name = Release;
		};
		ED09A37B2506195900A9FFB6 /* Debug */ = {
			isa = XCBuildConfiguration;
			buildSettings = {
				CODE_SIGN_STYLE = Automatic;
				COMBINE_HIDPI_IMAGES = YES;
				DEVELOPMENT_TEAM = 3MBPQ4GQLA;
				INFOPLIST_FILE = "matrix-rotation-tests/Info.plist";
				LD_RUNPATH_SEARCH_PATHS = (
					"$(inherited)",
					"@executable_path/../Frameworks",
					"@loader_path/../Frameworks",
				);
				PRODUCT_BUNDLE_IDENTIFIER = "it.sciencespir.matrix-rotation-tests";
				PRODUCT_NAME = "$(TARGET_NAME)";
				SWIFT_VERSION = 5.0;
			};
			name = Debug;
		};
		ED09A37C2506195900A9FFB6 /* Release */ = {
			isa = XCBuildConfiguration;
			buildSettings = {
				CODE_SIGN_STYLE = Automatic;
				COMBINE_HIDPI_IMAGES = YES;
				DEVELOPMENT_TEAM = 3MBPQ4GQLA;
				INFOPLIST_FILE = "matrix-rotation-tests/Info.plist";
				LD_RUNPATH_SEARCH_PATHS = (
					"$(inherited)",
					"@executable_path/../Frameworks",
					"@loader_path/../Frameworks",
				);
				PRODUCT_BUNDLE_IDENTIFIER = "it.sciencespir.matrix-rotation-tests";
				PRODUCT_NAME = "$(TARGET_NAME)";
				SWIFT_VERSION = 5.0;
			};
			name = Release;
		};
/* End XCBuildConfiguration section */

/* Begin XCConfigurationList section */
		ED09A32525024B1A00A9FFB6 /* Build configuration list for PBXProject "hacker-rank" */ = {
			isa = XCConfigurationList;
			buildConfigurations = (
				ED09A32F25024B1A00A9FFB6 /* Debug */,
				ED09A33025024B1A00A9FFB6 /* Release */,
			);
			defaultConfigurationIsVisible = 0;
			defaultConfigurationName = Release;
		};
		ED09A34925024C4B00A9FFB6 /* Build configuration list for PBXNativeTarget "magic-square" */ = {
			isa = XCConfigurationList;
			buildConfigurations = (
				ED09A34A25024C4B00A9FFB6 /* Debug */,
				ED09A34B25024C4B00A9FFB6 /* Release */,
			);
			defaultConfigurationIsVisible = 0;
			defaultConfigurationName = Release;
		};
		ED09A356250293C000A9FFB6 /* Build configuration list for PBXNativeTarget "climbing-the-leaderboard" */ = {
			isa = XCConfigurationList;
			buildConfigurations = (
				ED09A354250293C000A9FFB6 /* Debug */,
				ED09A355250293C000A9FFB6 /* Release */,
			);
			defaultConfigurationIsVisible = 0;
			defaultConfigurationName = Release;
		};
		ED09A360250295CD00A9FFB6 /* Build configuration list for PBXNativeTarget "tests" */ = {
			isa = XCConfigurationList;
			buildConfigurations = (
				ED09A361250295CD00A9FFB6 /* Debug */,
				ED09A362250295CD00A9FFB6 /* Release */,
			);
			defaultConfigurationIsVisible = 0;
			defaultConfigurationName = Release;
		};
		ED09A36D25060E2000A9FFB6 /* Build configuration list for PBXNativeTarget "matrix-rotation" */ = {
			isa = XCConfigurationList;
			buildConfigurations = (
				ED09A36E25060E2000A9FFB6 /* Debug */,
				ED09A36F25060E2000A9FFB6 /* Release */,
			);
			defaultConfigurationIsVisible = 0;
			defaultConfigurationName = Release;
		};
		ED09A37A2506195900A9FFB6 /* Build configuration list for PBXNativeTarget "matrix-rotation-tests" */ = {
			isa = XCConfigurationList;
			buildConfigurations = (
				ED09A37B2506195900A9FFB6 /* Debug */,
				ED09A37C2506195900A9FFB6 /* Release */,
			);
			defaultConfigurationIsVisible = 0;
			defaultConfigurationName = Release;
		};
/* End XCConfigurationList section */

/* Begin XCRemoteSwiftPackageReference section */
		ED076FD32560123800F76F9C /* XCRemoteSwiftPackageReference "bow" */ = {
			isa = XCRemoteSwiftPackageReference;
			repositoryURL = "https://github.com/bow-swift/bow.git";
			requirement = {
				kind = upToNextMajorVersion;
				minimumVersion = 0.8.0;
			};
		};
/* End XCRemoteSwiftPackageReference section */

/* Begin XCSwiftPackageProductDependency section */
		ED076FD42560123800F76F9C /* BowRx */ = {
			isa = XCSwiftPackageProductDependency;
			package = ED076FD32560123800F76F9C /* XCRemoteSwiftPackageReference "bow" */;
			productName = BowRx;
		};
		ED076FD62560123800F76F9C /* BowEffectsGenerators */ = {
			isa = XCSwiftPackageProductDependency;
			package = ED076FD32560123800F76F9C /* XCRemoteSwiftPackageReference "bow" */;
			productName = BowEffectsGenerators;
		};
		ED076FD82560123800F76F9C /* BowRecursionSchemes */ = {
			isa = XCSwiftPackageProductDependency;
			package = ED076FD32560123800F76F9C /* XCRemoteSwiftPackageReference "bow" */;
			productName = BowRecursionSchemes;
		};
		ED076FDA2560123800F76F9C /* BowEffects */ = {
			isa = XCSwiftPackageProductDependency;
			package = ED076FD32560123800F76F9C /* XCRemoteSwiftPackageReference "bow" */;
			productName = BowEffects;
		};
		ED076FDC2560123800F76F9C /* BowRxGenerators */ = {
			isa = XCSwiftPackageProductDependency;
			package = ED076FD32560123800F76F9C /* XCRemoteSwiftPackageReference "bow" */;
			productName = BowRxGenerators;
		};
		ED076FDE2560123800F76F9C /* BowLaws */ = {
			isa = XCSwiftPackageProductDependency;
			package = ED076FD32560123800F76F9C /* XCRemoteSwiftPackageReference "bow" */;
			productName = BowLaws;
		};
		ED076FE02560123800F76F9C /* BowGenerators */ = {
			isa = XCSwiftPackageProductDependency;
			package = ED076FD32560123800F76F9C /* XCRemoteSwiftPackageReference "bow" */;
			productName = BowGenerators;
		};
		ED076FE22560123800F76F9C /* BowFreeGenerators */ = {
			isa = XCSwiftPackageProductDependency;
			package = ED076FD32560123800F76F9C /* XCRemoteSwiftPackageReference "bow" */;
			productName = BowFreeGenerators;
		};
		ED076FE42560123800F76F9C /* BowOpticsLaws */ = {
			isa = XCSwiftPackageProductDependency;
			package = ED076FD32560123800F76F9C /* XCRemoteSwiftPackageReference "bow" */;
			productName = BowOpticsLaws;
		};
		ED076FE62560123800F76F9C /* Bow */ = {
			isa = XCSwiftPackageProductDependency;
			package = ED076FD32560123800F76F9C /* XCRemoteSwiftPackageReference "bow" */;
			productName = Bow;
		};
		ED076FE82560123800F76F9C /* BowOptics */ = {
			isa = XCSwiftPackageProductDependency;
			package = ED076FD32560123800F76F9C /* XCRemoteSwiftPackageReference "bow" */;
			productName = BowOptics;
		};
		ED076FEA2560123800F76F9C /* BowFree */ = {
			isa = XCSwiftPackageProductDependency;
			package = ED076FD32560123800F76F9C /* XCRemoteSwiftPackageReference "bow" */;
			productName = BowFree;
		};
		ED076FEC2560123800F76F9C /* BowEffectsLaws */ = {
			isa = XCSwiftPackageProductDependency;
			package = ED076FD32560123800F76F9C /* XCRemoteSwiftPackageReference "bow" */;
			productName = BowEffectsLaws;
		};
		ED076FEE2562625D00F76F9C /* Bow */ = {
			isa = XCSwiftPackageProductDependency;
			package = ED076FD32560123800F76F9C /* XCRemoteSwiftPackageReference "bow" */;
			productName = Bow;
		};
/* End XCSwiftPackageProductDependency section */
	};
	rootObject = ED09A32225024B1A00A9FFB6 /* Project object */;
}
